
Microsoft Visual Studio Solution File, Format Version 12.00
# Visual Studio Version 16
VisualStudioVersion = 16.0.30717.126
MinimumVisualStudioVersion = 10.0.40219.1
Project("{9A19103F-16F7-4668-BE54-9A1E7A4F7556}") = "DbReflector.CLI", "DbReflector.CLI\DbReflector.CLI.csproj", "{722E9B7D-43CD-4949-A41A-79F50C245636}"
EndProject
Project("{9A19103F-16F7-4668-BE54-9A1E7A4F7556}") = "DbReflector.CodeGeneration", "DbReflector.CodeGeneration\DbReflector.CodeGeneration.csproj", "{136288DA-1A35-4FA3-BD82-2098ABE7AF44}"
EndProject
Project("{9A19103F-16F7-4668-BE54-9A1E7A4F7556}") = "DbReflector.Core", "DbReflector.Core\DbReflector.Core.csproj", "{68D60D0E-64A6-49A8-926A-A0A6371660D3}"
EndProject
Project("{9A19103F-16F7-4668-BE54-9A1E7A4F7556}") = "DbReflector.Databases", "DbReflector.Databases\DbReflector.Databases.csproj", "{F3DE7615-5F34-4B06-814C-88FA1BF6F4EF}"
EndProject
Project("{9A19103F-16F7-4668-BE54-9A1E7A4F7556}") = "DbReflector.Common", "DbReflector.Utils\DbReflector.Common.csproj", "{03B417EC-3E3C-4160-A9FB-0BF1CA48F115}"
EndProject
Global
	GlobalSection(SolutionConfigurationPlatforms) = preSolution
		Debug|Any CPU = Debug|Any CPU
		Release|Any CPU = Release|Any CPU
	EndGlobalSection
	GlobalSection(ProjectConfigurationPlatforms) = postSolution
		{722E9B7D-43CD-4949-A41A-79F50C245636}.Debug|Any CPU.ActiveCfg = Debug|Any CPU
		{722E9B7D-43CD-4949-A41A-79F50C245636}.Debug|Any CPU.Build.0 = Debug|Any CPU
		{722E9B7D-43CD-4949-A41A-79F50C245636}.Release|Any CPU.ActiveCfg = Release|Any CPU
		{722E9B7D-43CD-4949-A41A-79F50C245636}.Release|Any CPU.Build.0 = Release|Any CPU
		{136288DA-1A35-4FA3-BD82-2098ABE7AF44}.Debug|Any CPU.ActiveCfg = Debug|Any CPU
		{136288DA-1A35-4FA3-BD82-2098ABE7AF44}.Debug|Any CPU.Build.0 = Debug|Any CPU
		{136288DA-1A35-4FA3-BD82-2098ABE7AF44}.Release|Any CPU.ActiveCfg = Release|Any CPU
		{136288DA-1A35-4FA3-BD82-2098ABE7AF44}.Release|Any CPU.Build.0 = Release|Any CPU
		{68D60D0E-64A6-49A8-926A-A0A6371660D3}.Debug|Any CPU.ActiveCfg = Debug|Any CPU
		{68D60D0E-64A6-49A8-926A-A0A6371660D3}.Debug|Any CPU.Build.0 = Debug|Any CPU
		{68D60D0E-64A6-49A8-926A-A0A6371660D3}.Release|Any CPU.ActiveCfg = Release|Any CPU
		{68D60D0E-64A6-49A8-926A-A0A6371660D3}.Release|Any CPU.Build.0 = Release|Any CPU
		{F3DE7615-5F34-4B06-814C-88FA1BF6F4EF}.Debug|Any CPU.ActiveCfg = Debug|Any CPU
		{F3DE7615-5F34-4B06-814C-88FA1BF6F4EF}.Debug|Any CPU.Build.0 = Debug|Any CPU
		{F3DE7615-5F34-4B06-814C-88FA1BF6F4EF}.Release|Any CPU.ActiveCfg = Release|Any CPU
		{F3DE7615-5F34-4B06-814C-88FA1BF6F4EF}.Release|Any CPU.Build.0 = Release|Any CPU
		{03B417EC-3E3C-4160-A9FB-0BF1CA48F115}.Debug|Any CPU.ActiveCfg = Debug|Any CPU
		{03B417EC-3E3C-4160-A9FB-0BF1CA48F115}.Debug|Any CPU.Build.0 = Debug|Any CPU
		{03B417EC-3E3C-4160-A9FB-0BF1CA48F115}.Release|Any CPU.ActiveCfg = Release|Any CPU
		{03B417EC-3E3C-4160-A9FB-0BF1CA48F115}.Release|Any CPU.Build.0 = Release|Any CPU
	EndGlobalSection
	GlobalSection(SolutionProperties) = preSolution
		HideSolutionNode = FALSE
	EndGlobalSection
	GlobalSection(ExtensibilityGlobals) = postSolution
		SolutionGuid = {94F91317-5690-4822-9FA7-7C3E5F998875}
	EndGlobalSection
EndGlobal
